
Microsoft Visual Studio Solution File, Format Version 12.00
# Visual Studio 14
VisualStudioVersion = 14.0.24720.0
MinimumVisualStudioVersion = 10.0.40219.1
Project("{FAE04EC0-301F-11D3-BF4B-00C04F79EFBC}") = "WebForms", "WebForms\WebForms.csproj", "{610869C3-8D22-467B-8467-6C8E5C77BACE}"
EndProject
Global
	GlobalSection(SolutionConfigurationPlatforms) = preSolution
		Debug|Any CPU = Debug|Any CPU
		Release|Any CPU = Release|Any CPU
	EndGlobalSection
	GlobalSection(ProjectConfigurationPlatforms) = postSolution
		{610869C3-8D22-467B-8467-6C8E5C77BACE}.Debug|Any CPU.ActiveCfg = Debug|Any CPU
		{610869C3-8D22-467B-8467-6C8E5C77BACE}.Debug|Any CPU.Build.0 = Debug|Any CPU
		{610869C3-8D22-467B-8467-6C8E5C77BACE}.Release|Any CPU.ActiveCfg = Release|Any CPU
		{610869C3-8D22-467B-8467-6C8E5C77BACE}.Release|Any CPU.Build.0 = Release|Any CPU
	EndGlobalSection
	GlobalSection(SolutionProperties) = preSolution
		HideSolutionNode = FALSE
	EndGlobalSection
EndGlobal
